
Microsoft Visual Studio Solution File, Format Version 12.00
# Visual Studio 15
VisualStudioVersion = 15.0.28307.421
MinimumVisualStudioVersion = 10.0.40219.1
Project("{9A19103F-16F7-4668-BE54-9A1E7A4F7556}") = "PrimeNumbers.API", "PrimeNumbers.API\PrimeNumbers.API.csproj", "{155A52D6-C24B-4DAB-AFE0-BA7EE7CF0F04}"
EndProject
Project("{FAE04EC0-301F-11D3-BF4B-00C04F79EFBC}") = "LoggerServices", "LoggerServices\LoggerServices.csproj", "{E7249568-9B82-4D26-80EF-536C8D859B9F}"
EndProject
Project("{FAE04EC0-301F-11D3-BF4B-00C04F79EFBC}") = "Contracts", "Contracts\Contracts.csproj", "{8858F085-3C48-4C79-88EA-946E9F4A96AE}"
EndProject
Project("{2150E333-8FDC-42A3-9474-1A3956D46DE8}") = "Solution Items", "Solution Items", "{968426B9-5D52-47B9-9883-E58B36D6F6F0}"
EndProject
Global
	GlobalSection(SolutionConfigurationPlatforms) = preSolution
		Debug|Any CPU = Debug|Any CPU
		Release|Any CPU = Release|Any CPU
	EndGlobalSection
	GlobalSection(ProjectConfigurationPlatforms) = postSolution
		{155A52D6-C24B-4DAB-AFE0-BA7EE7CF0F04}.Debug|Any CPU.ActiveCfg = Debug|Any CPU
		{155A52D6-C24B-4DAB-AFE0-BA7EE7CF0F04}.Debug|Any CPU.Build.0 = Debug|Any CPU
		{155A52D6-C24B-4DAB-AFE0-BA7EE7CF0F04}.Release|Any CPU.ActiveCfg = Release|Any CPU
		{155A52D6-C24B-4DAB-AFE0-BA7EE7CF0F04}.Release|Any CPU.Build.0 = Release|Any CPU
		{E7249568-9B82-4D26-80EF-536C8D859B9F}.Debug|Any CPU.ActiveCfg = Debug|Any CPU
		{E7249568-9B82-4D26-80EF-536C8D859B9F}.Debug|Any CPU.Build.0 = Debug|Any CPU
		{E7249568-9B82-4D26-80EF-536C8D859B9F}.Release|Any CPU.ActiveCfg = Release|Any CPU
		{E7249568-9B82-4D26-80EF-536C8D859B9F}.Release|Any CPU.Build.0 = Release|Any CPU
		{8858F085-3C48-4C79-88EA-946E9F4A96AE}.Debug|Any CPU.ActiveCfg = Debug|Any CPU
		{8858F085-3C48-4C79-88EA-946E9F4A96AE}.Debug|Any CPU.Build.0 = Debug|Any CPU
		{8858F085-3C48-4C79-88EA-946E9F4A96AE}.Release|Any CPU.ActiveCfg = Release|Any CPU
		{8858F085-3C48-4C79-88EA-946E9F4A96AE}.Release|Any CPU.Build.0 = Release|Any CPU
	EndGlobalSection
	GlobalSection(SolutionProperties) = preSolution
		HideSolutionNode = FALSE
	EndGlobalSection
	GlobalSection(ExtensibilityGlobals) = postSolution
		SolutionGuid = {59289F5F-8479-4807-8276-2EED88DFFE2E}
	EndGlobalSection
EndGlobal
